
Microsoft Visual Studio Solution File, Format Version 12.00
# Visual Studio Version 17
VisualStudioVersion = 17.2.32630.192
MinimumVisualStudioVersion = 10.0.40219.1
Project("{FAE04EC0-301F-11D3-BF4B-00C04F79EFBC}") = "DZ-3m-1l", "DZ-3m-1l\DZ-3m-1l.csproj", "{0F0F7043-59AB-41CD-B881-73F77CCEEC3C}"
EndProject
Global
	GlobalSection(SolutionConfigurationPlatforms) = preSolution
		Debug|Any CPU = Debug|Any CPU
		Release|Any CPU = Release|Any CPU
	EndGlobalSection
	GlobalSection(ProjectConfigurationPlatforms) = postSolution
		{0F0F7043-59AB-41CD-B881-73F77CCEEC3C}.Debug|Any CPU.ActiveCfg = Debug|Any CPU
		{0F0F7043-59AB-41CD-B881-73F77CCEEC3C}.Debug|Any CPU.Build.0 = Debug|Any CPU
		{0F0F7043-59AB-41CD-B881-73F77CCEEC3C}.Release|Any CPU.ActiveCfg = Release|Any CPU
		{0F0F7043-59AB-41CD-B881-73F77CCEEC3C}.Release|Any CPU.Build.0 = Release|Any CPU
	EndGlobalSection
	GlobalSection(SolutionProperties) = preSolution
		HideSolutionNode = FALSE
	EndGlobalSection
	GlobalSection(ExtensibilityGlobals) = postSolution
		SolutionGuid = {E132A663-7A4C-45D8-8441-E4891A706812}
	EndGlobalSection
EndGlobal
